
Microsoft Visual Studio Solution File, Format Version 12.00
# Visual Studio Version 17
VisualStudioVersion = 17.14.36127.28
MinimumVisualStudioVersion = 10.0.40219.1
Project("{2150E333-8FDC-42A3-9474-1A3956D46DE8}") = "BuildingBlocks", "BuildingBlocks", "{02EA681E-C7D8-13C7-8484-4AC65E1B71E8}"
EndProject
Project("{2150E333-8FDC-42A3-9474-1A3956D46DE8}") = "Services", "Services", "{FBEFCE82-3B2D-43A4-9D2E-294E1505BF9E}"
EndProject
Project("{2150E333-8FDC-42A3-9474-1A3956D46DE8}") = "Catalog", "Catalog", "{C0A23509-6AFD-49E3-A5E4-1DEFCB015831}"
EndProject
Project("{FAE04EC0-301F-11D3-BF4B-00C04F79EFBC}") = "Catalog.API", "Catalog.AP\Catalog.API.csproj", "{E49CE897-1658-4777-8238-C266F245AAB3}"
EndProject
Project("{FAE04EC0-301F-11D3-BF4B-00C04F79EFBC}") = "BuildingBlocks", "BuildingBlocks\BuildingBlocks.csproj", "{81141567-DCB1-403C-B425-687ECE382302}"
EndProject
Project("{E53339B2-1760-4266-BCC7-CA923CBCF16C}") = "docker-compose", "docker-compose.dcproj", "{81DDED9D-158B-E303-5F62-77A2896D2A5A}"
EndProject
Project("{FAE04EC0-301F-11D3-BF4B-00C04F79EFBC}") = "Basket", "Basket\Basket\Basket.csproj", "{E9AB2193-9EAA-4DCD-AE50-280F37D2D0FC}"
EndProject
Project("{2150E333-8FDC-42A3-9474-1A3956D46DE8}") = "Basket", "Basket", "{19B15188-6032-4B11-85B3-1343563815AF}"
EndProject
Project("{2150E333-8FDC-42A3-9474-1A3956D46DE8}") = "tests", "tests", "{0AB3BF05-4346-4AA6-1389-037BE0695223}"
EndProject
Project("{FAE04EC0-301F-11D3-BF4B-00C04F79EFBC}") = "Catalog.API.Tests", "tests\Catalog.API.Tests\Catalog.API.Tests.csproj", "{5BF27925-0F84-4A17-BDC5-007D9B89EAFD}"
EndProject
Project("{FAE04EC0-301F-11D3-BF4B-00C04F79EFBC}") = "Basket.API.Tests", "tests\Basket.API.Tests\Basket.API.Tests.csproj", "{F916F6A3-D3F7-4357-B953-596035BE5528}"
EndProject
Global
	GlobalSection(SolutionConfigurationPlatforms) = preSolution
		Debug|Any CPU = Debug|Any CPU
		Debug|x64 = Debug|x64
		Debug|x86 = Debug|x86
		Release|Any CPU = Release|Any CPU
		Release|x64 = Release|x64
		Release|x86 = Release|x86
	EndGlobalSection
	GlobalSection(ProjectConfigurationPlatforms) = postSolution
		{E49CE897-1658-4777-8238-C266F245AAB3}.Debug|Any CPU.ActiveCfg = Debug|Any CPU
		{E49CE897-1658-4777-8238-C266F245AAB3}.Debug|Any CPU.Build.0 = Debug|Any CPU
		{E49CE897-1658-4777-8238-C266F245AAB3}.Debug|x64.ActiveCfg = Debug|Any CPU
		{E49CE897-1658-4777-8238-C266F245AAB3}.Debug|x64.Build.0 = Debug|Any CPU
		{E49CE897-1658-4777-8238-C266F245AAB3}.Debug|x86.ActiveCfg = Debug|Any CPU
		{E49CE897-1658-4777-8238-C266F245AAB3}.Debug|x86.Build.0 = Debug|Any CPU
		{E49CE897-1658-4777-8238-C266F245AAB3}.Release|Any CPU.ActiveCfg = Release|Any CPU
		{E49CE897-1658-4777-8238-C266F245AAB3}.Release|Any CPU.Build.0 = Release|Any CPU
		{E49CE897-1658-4777-8238-C266F245AAB3}.Release|x64.ActiveCfg = Release|Any CPU
		{E49CE897-1658-4777-8238-C266F245AAB3}.Release|x64.Build.0 = Release|Any CPU
		{E49CE897-1658-4777-8238-C266F245AAB3}.Release|x86.ActiveCfg = Release|Any CPU
		{E49CE897-1658-4777-8238-C266F245AAB3}.Release|x86.Build.0 = Release|Any CPU
		{81141567-DCB1-403C-B425-687ECE382302}.Debug|Any CPU.ActiveCfg = Debug|Any CPU
		{81141567-DCB1-403C-B425-687ECE382302}.Debug|Any CPU.Build.0 = Debug|Any CPU
		{81141567-DCB1-403C-B425-687ECE382302}.Debug|x64.ActiveCfg = Debug|Any CPU
		{81141567-DCB1-403C-B425-687ECE382302}.Debug|x64.Build.0 = Debug|Any CPU
		{81141567-DCB1-403C-B425-687ECE382302}.Debug|x86.ActiveCfg = Debug|Any CPU
		{81141567-DCB1-403C-B425-687ECE382302}.Debug|x86.Build.0 = Debug|Any CPU
		{81141567-DCB1-403C-B425-687ECE382302}.Release|Any CPU.ActiveCfg = Release|Any CPU
		{81141567-DCB1-403C-B425-687ECE382302}.Release|Any CPU.Build.0 = Release|Any CPU
		{81141567-DCB1-403C-B425-687ECE382302}.Release|x64.ActiveCfg = Release|Any CPU
		{81141567-DCB1-403C-B425-687ECE382302}.Release|x64.Build.0 = Release|Any CPU
		{81141567-DCB1-403C-B425-687ECE382302}.Release|x86.ActiveCfg = Release|Any CPU
		{81141567-DCB1-403C-B425-687ECE382302}.Release|x86.Build.0 = Release|Any CPU
		{81DDED9D-158B-E303-5F62-77A2896D2A5A}.Debug|Any CPU.ActiveCfg = Debug|Any CPU
		{81DDED9D-158B-E303-5F62-77A2896D2A5A}.Debug|Any CPU.Build.0 = Debug|Any CPU
		{81DDED9D-158B-E303-5F62-77A2896D2A5A}.Debug|x64.ActiveCfg = Debug|x64
		{81DDED9D-158B-E303-5F62-77A2896D2A5A}.Debug|x86.ActiveCfg = Debug|x86
		{81DDED9D-158B-E303-5F62-77A2896D2A5A}.Release|Any CPU.ActiveCfg = Release|Any CPU
		{81DDED9D-158B-E303-5F62-77A2896D2A5A}.Release|Any CPU.Build.0 = Release|Any CPU
		{81DDED9D-158B-E303-5F62-77A2896D2A5A}.Release|x64.ActiveCfg = Release|x64
		{81DDED9D-158B-E303-5F62-77A2896D2A5A}.Release|x86.ActiveCfg = Release|x86
		{E9AB2193-9EAA-4DCD-AE50-280F37D2D0FC}.Debug|Any CPU.ActiveCfg = Debug|Any CPU
		{E9AB2193-9EAA-4DCD-AE50-280F37D2D0FC}.Debug|Any CPU.Build.0 = Debug|Any CPU
		{E9AB2193-9EAA-4DCD-AE50-280F37D2D0FC}.Debug|x64.ActiveCfg = Debug|Any CPU
		{E9AB2193-9EAA-4DCD-AE50-280F37D2D0FC}.Debug|x64.Build.0 = Debug|Any CPU
		{E9AB2193-9EAA-4DCD-AE50-280F37D2D0FC}.Debug|x86.ActiveCfg = Debug|Any CPU
		{E9AB2193-9EAA-4DCD-AE50-280F37D2D0FC}.Debug|x86.Build.0 = Debug|Any CPU
		{E9AB2193-9EAA-4DCD-AE50-280F37D2D0FC}.Release|Any CPU.ActiveCfg = Release|Any CPU
		{E9AB2193-9EAA-4DCD-AE50-280F37D2D0FC}.Release|Any CPU.Build.0 = Release|Any CPU
		{E9AB2193-9EAA-4DCD-AE50-280F37D2D0FC}.Release|x64.ActiveCfg = Release|Any CPU
		{E9AB2193-9EAA-4DCD-AE50-280F37D2D0FC}.Release|x64.Build.0 = Release|Any CPU
		{E9AB2193-9EAA-4DCD-AE50-280F37D2D0FC}.Release|x86.ActiveCfg = Release|Any CPU
		{E9AB2193-9EAA-4DCD-AE50-280F37D2D0FC}.Release|x86.Build.0 = Release|Any CPU
		{5BF27925-0F84-4A17-BDC5-007D9B89EAFD}.Debug|Any CPU.ActiveCfg = Debug|Any CPU
		{5BF27925-0F84-4A17-BDC5-007D9B89EAFD}.Debug|Any CPU.Build.0 = Debug|Any CPU
		{5BF27925-0F84-4A17-BDC5-007D9B89EAFD}.Debug|x64.ActiveCfg = Debug|Any CPU
		{5BF27925-0F84-4A17-BDC5-007D9B89EAFD}.Debug|x64.Build.0 = Debug|Any CPU
		{5BF27925-0F84-4A17-BDC5-007D9B89EAFD}.Debug|x86.ActiveCfg = Debug|Any CPU
		{5BF27925-0F84-4A17-BDC5-007D9B89EAFD}.Debug|x86.Build.0 = Debug|Any CPU
		{5BF27925-0F84-4A17-BDC5-007D9B89EAFD}.Release|Any CPU.ActiveCfg = Release|Any CPU
		{5BF27925-0F84-4A17-BDC5-007D9B89EAFD}.Release|Any CPU.Build.0 = Release|Any CPU
		{5BF27925-0F84-4A17-BDC5-007D9B89EAFD}.Release|x64.ActiveCfg = Release|Any CPU
		{5BF27925-0F84-4A17-BDC5-007D9B89EAFD}.Release|x64.Build.0 = Release|Any CPU
		{5BF27925-0F84-4A17-BDC5-007D9B89EAFD}.Release|x86.ActiveCfg = Release|Any CPU
		{5BF27925-0F84-4A17-BDC5-007D9B89EAFD}.Release|x86.Build.0 = Release|Any CPU
		{F916F6A3-D3F7-4357-B953-596035BE5528}.Debug|Any CPU.ActiveCfg = Debug|Any CPU
		{F916F6A3-D3F7-4357-B953-596035BE5528}.Debug|Any CPU.Build.0 = Debug|Any CPU
		{F916F6A3-D3F7-4357-B953-596035BE5528}.Debug|x64.ActiveCfg = Debug|Any CPU
		{F916F6A3-D3F7-4357-B953-596035BE5528}.Debug|x64.Build.0 = Debug|Any CPU
		{F916F6A3-D3F7-4357-B953-596035BE5528}.Debug|x86.ActiveCfg = Debug|Any CPU
		{F916F6A3-D3F7-4357-B953-596035BE5528}.Debug|x86.Build.0 = Debug|Any CPU
		{F916F6A3-D3F7-4357-B953-596035BE5528}.Release|Any CPU.ActiveCfg = Release|Any CPU
		{F916F6A3-D3F7-4357-B953-596035BE5528}.Release|Any CPU.Build.0 = Release|Any CPU
		{F916F6A3-D3F7-4357-B953-596035BE5528}.Release|x64.ActiveCfg = Release|Any CPU
		{F916F6A3-D3F7-4357-B953-596035BE5528}.Release|x64.Build.0 = Release|Any CPU
		{F916F6A3-D3F7-4357-B953-596035BE5528}.Release|x86.ActiveCfg = Release|Any CPU
		{F916F6A3-D3F7-4357-B953-596035BE5528}.Release|x86.Build.0 = Release|Any CPU
	EndGlobalSection
	GlobalSection(SolutionProperties) = preSolution
		HideSolutionNode = FALSE
	EndGlobalSection
	GlobalSection(NestedProjects) = preSolution
		{C0A23509-6AFD-49E3-A5E4-1DEFCB015831} = {FBEFCE82-3B2D-43A4-9D2E-294E1505BF9E}
		{E49CE897-1658-4777-8238-C266F245AAB3} = {C0A23509-6AFD-49E3-A5E4-1DEFCB015831}
		{81141567-DCB1-403C-B425-687ECE382302} = {02EA681E-C7D8-13C7-8484-4AC65E1B71E8}
		{E9AB2193-9EAA-4DCD-AE50-280F37D2D0FC} = {19B15188-6032-4B11-85B3-1343563815AF}
		{19B15188-6032-4B11-85B3-1343563815AF} = {FBEFCE82-3B2D-43A4-9D2E-294E1505BF9E}
		{5BF27925-0F84-4A17-BDC5-007D9B89EAFD} = {0AB3BF05-4346-4AA6-1389-037BE0695223}
		{F916F6A3-D3F7-4357-B953-596035BE5528} = {0AB3BF05-4346-4AA6-1389-037BE0695223}
	EndGlobalSection
	GlobalSection(ExtensibilityGlobals) = postSolution
		SolutionGuid = {0C99AC6F-6B5C-4B2E-BC66-BB9431635E4E}
	EndGlobalSection
EndGlobal
